
Microsoft Visual Studio Solution File, Format Version 12.00
# Visual Studio 15
VisualStudioVersion = 15.0.26430.12
MinimumVisualStudioVersion = 10.0.40219.1
Project("{9A19103F-16F7-4668-BE54-9A1E7A4F7556}") = "SyonOnline.ServiceReference", "ServiceReference\SyonOnline.ServiceReference.csproj", "{180E9434-69AB-4D7F-BA67-7BCF2C683B62}"
EndProject
Project("{E24C65DC-7377-472B-9ABA-BC803B73C61A}") = "View", "View\", "{157073D7-3250-4B0F-B1F7-921A442DE6C3}"
	ProjectSection(WebsiteProperties) = preProject
		TargetFrameworkMoniker = ".NETFramework,Version%3Dv4.0"
		Debug.AspNetCompiler.VirtualPath = "/localhost_63333"
		Debug.AspNetCompiler.PhysicalPath = "View\"
		Debug.AspNetCompiler.TargetPath = "PrecompiledWeb\localhost_63333\"
		Debug.AspNetCompiler.Updateable = "true"
		Debug.AspNetCompiler.ForceOverwrite = "true"
		Debug.AspNetCompiler.FixedNames = "false"
		Debug.AspNetCompiler.Debug = "True"
		Release.AspNetCompiler.VirtualPath = "/localhost_63333"
		Release.AspNetCompiler.PhysicalPath = "View\"
		Release.AspNetCompiler.TargetPath = "PrecompiledWeb\localhost_63333\"
		Release.AspNetCompiler.Updateable = "true"
		Release.AspNetCompiler.ForceOverwrite = "true"
		Release.AspNetCompiler.FixedNames = "false"
		Release.AspNetCompiler.Debug = "False"
		VWDPort = "63333"
		SlnRelativePath = "View\"
	EndProjectSection
EndProject
Project("{9A19103F-16F7-4668-BE54-9A1E7A4F7556}") = "SyonOnline.Test", "Test\SyonOnline.Test.csproj", "{42EEA3A0-4305-4E3C-BED5-55F2BA31A7FF}"
EndProject
Project("{FAE04EC0-301F-11D3-BF4B-00C04F79EFBC}") = "SyonOnline.WebApi", "WebApi\SyonOnline.WebApi\SyonOnline.WebApi.csproj", "{E24DF188-5B2A-4B75-A84F-6DEBFD998CB2}"
EndProject
Global
	GlobalSection(SolutionConfigurationPlatforms) = preSolution
		Debug|Any CPU = Debug|Any CPU
		Release|Any CPU = Release|Any CPU
	EndGlobalSection
	GlobalSection(ProjectConfigurationPlatforms) = postSolution
		{180E9434-69AB-4D7F-BA67-7BCF2C683B62}.Debug|Any CPU.ActiveCfg = Debug|Any CPU
		{180E9434-69AB-4D7F-BA67-7BCF2C683B62}.Debug|Any CPU.Build.0 = Debug|Any CPU
		{180E9434-69AB-4D7F-BA67-7BCF2C683B62}.Release|Any CPU.ActiveCfg = Release|Any CPU
		{180E9434-69AB-4D7F-BA67-7BCF2C683B62}.Release|Any CPU.Build.0 = Release|Any CPU
		{157073D7-3250-4B0F-B1F7-921A442DE6C3}.Debug|Any CPU.ActiveCfg = Debug|Any CPU
		{157073D7-3250-4B0F-B1F7-921A442DE6C3}.Debug|Any CPU.Build.0 = Debug|Any CPU
		{157073D7-3250-4B0F-B1F7-921A442DE6C3}.Release|Any CPU.ActiveCfg = Debug|Any CPU
		{157073D7-3250-4B0F-B1F7-921A442DE6C3}.Release|Any CPU.Build.0 = Debug|Any CPU
		{42EEA3A0-4305-4E3C-BED5-55F2BA31A7FF}.Debug|Any CPU.ActiveCfg = Debug|Any CPU
		{42EEA3A0-4305-4E3C-BED5-55F2BA31A7FF}.Debug|Any CPU.Build.0 = Debug|Any CPU
		{42EEA3A0-4305-4E3C-BED5-55F2BA31A7FF}.Release|Any CPU.ActiveCfg = Release|Any CPU
		{42EEA3A0-4305-4E3C-BED5-55F2BA31A7FF}.Release|Any CPU.Build.0 = Release|Any CPU
		{E24DF188-5B2A-4B75-A84F-6DEBFD998CB2}.Debug|Any CPU.ActiveCfg = Debug|Any CPU
		{E24DF188-5B2A-4B75-A84F-6DEBFD998CB2}.Debug|Any CPU.Build.0 = Debug|Any CPU
		{E24DF188-5B2A-4B75-A84F-6DEBFD998CB2}.Release|Any CPU.ActiveCfg = Release|Any CPU
		{E24DF188-5B2A-4B75-A84F-6DEBFD998CB2}.Release|Any CPU.Build.0 = Release|Any CPU
	EndGlobalSection
	GlobalSection(SolutionProperties) = preSolution
		HideSolutionNode = FALSE
	EndGlobalSection
EndGlobal
